// !$*UTF8*$!
{
	archiveVersion = 1;
	classes = {
	};
	objectVersion = 50;
	objects = {

/* Begin PBXBuildFile section */
		3845ECD124FA43CD00CD831C /* AppDelegate.swift in Sources */ = {isa = PBXBuildFile; fileRef = 3845ECD024FA43CD00CD831C /* AppDelegate.swift */; };
		3845ECD324FA43CD00CD831C /* SceneDelegate.swift in Sources */ = {isa = PBXBuildFile; fileRef = 3845ECD224FA43CD00CD831C /* SceneDelegate.swift */; };
		3845ECD524FA43CD00CD831C /* ViewController.swift in Sources */ = {isa = PBXBuildFile; fileRef = 3845ECD424FA43CD00CD831C /* ViewController.swift */; };
		3845ECD824FA43CD00CD831C /* Main.storyboard in Resources */ = {isa = PBXBuildFile; fileRef = 3845ECD624FA43CD00CD831C /* Main.storyboard */; };
		3845ECDA24FA43CD00CD831C /* ContentView.swift in Sources */ = {isa = PBXBuildFile; fileRef = 3845ECD924FA43CD00CD831C /* ContentView.swift */; };
		3845ECDC24FA43CE00CD831C /* Assets.xcassets in Resources */ = {isa = PBXBuildFile; fileRef = 3845ECDB24FA43CE00CD831C /* Assets.xcassets */; };
		3845ECDF24FA43CE00CD831C /* LaunchScreen.storyboard in Resources */ = {isa = PBXBuildFile; fileRef = 3845ECDD24FA43CE00CD831C /* LaunchScreen.storyboard */; };
/* End PBXBuildFile section */

/* Begin PBXFileReference section */
		3845ECCD24FA43CD00CD831C /* ColorHammer.app */ = {isa = PBXFileReference; explicitFileType = wrapper.application; includeInIndex = 0; path = ColorHammer.app; sourceTree = BUILT_PRODUCTS_DIR; };
		3845ECD024FA43CD00CD831C /* AppDelegate.swift */ = {isa = PBXFileReference; lastKnownFileType = sourcecode.swift; path = AppDelegate.swift; sourceTree = "<group>"; };
		3845ECD224FA43CD00CD831C /* SceneDelegate.swift */ = {isa = PBXFileReference; lastKnownFileType = sourcecode.swift; path = SceneDelegate.swift; sourceTree = "<group>"; };
		3845ECD424FA43CD00CD831C /* ViewController.swift */ = {isa = PBXFileReference; lastKnownFileType = sourcecode.swift; path = ViewController.swift; sourceTree = "<group>"; };
		3845ECD724FA43CD00CD831C /* Base */ = {isa = PBXFileReference; lastKnownFileType = file.storyboard; name = Base; path = Base.lproj/Main.storyboard; sourceTree = "<group>"; };
		3845ECD924FA43CD00CD831C /* ContentView.swift */ = {isa = PBXFileReference; lastKnownFileType = sourcecode.swift; path = ContentView.swift; sourceTree = "<group>"; };
		3845ECDB24FA43CE00CD831C /* Assets.xcassets */ = {isa = PBXFileReference; lastKnownFileType = folder.assetcatalog; path = Assets.xcassets; sourceTree = "<group>"; };
		3845ECDE24FA43CE00CD831C /* Base */ = {isa = PBXFileReference; lastKnownFileType = file.storyboard; name = Base; path = Base.lproj/LaunchScreen.storyboard; sourceTree = "<group>"; };
		3845ECE024FA43CE00CD831C /* Info.plist */ = {isa = PBXFileReference; lastKnownFileType = text.plist.xml; path = Info.plist; sourceTree = "<group>"; };
/* End PBXFileReference section */

/* Begin PBXFrameworksBuildPhase section */
		3845ECCA24FA43CD00CD831C /* Frameworks */ = {
			isa = PBXFrameworksBuildPhase;
			buildActionMask = 2147483647;
			files = (
			);
			runOnlyForDeploymentPostprocessing = 0;
		};
/* End PBXFrameworksBuildPhase section */

/* Begin PBXGroup section */
		3845ECC424FA43CD00CD831C = {
			isa = PBXGroup;
			children = (
				3845ECCF24FA43CD00CD831C /* ColorHammer */,
				3845ECCE24FA43CD00CD831C /* Products */,
			);
			sourceTree = "<group>";
		};
		3845ECCE24FA43CD00CD831C /* Products */ = {
			isa = PBXGroup;
			children = (
				3845ECCD24FA43CD00CD831C /* ColorHammer.app */,
			);
			name = Products;
			sourceTree = "<group>";
		};
		3845ECCF24FA43CD00CD831C /* ColorHammer */ = {
			isa = PBXGroup;
			children = (
				3845ECD024FA43CD00CD831C /* AppDelegate.swift */,
				3845ECD224FA43CD00CD831C /* SceneDelegate.swift */,
				3845ECD424FA43CD00CD831C /* ViewController.swift */,
				3845ECD624FA43CD00CD831C /* Main.storyboard */,
				3845ECD924FA43CD00CD831C /* ContentView.swift */,
				3845ECDB24FA43CE00CD831C /* Assets.xcassets */,
				3845ECDD24FA43CE00CD831C /* LaunchScreen.storyboard */,
				3845ECE024FA43CE00CD831C /* Info.plist */,
			);
			path = ColorHammer;
			sourceTree = "<group>";
		};
/* End PBXGroup section */

/* Begin PBXNativeTarget section */
		3845ECCC24FA43CD00CD831C /* ColorHammer */ = {
			isa = PBXNativeTarget;
			buildConfigurationList = 3845ECE324FA43CE00CD831C /* Build configuration list for PBXNativeTarget "ColorHammer" */;
			buildPhases = (
				3845ECC924FA43CD00CD831C /* Sources */,
				3845ECCA24FA43CD00CD831C /* Frameworks */,
				3845ECCB24FA43CD00CD831C /* Resources */,
			);
			buildRules = (
			);
			dependencies = (
			);
			name = ColorHammer;
			productName = ColorHammer;
			productReference = 3845ECCD24FA43CD00CD831C /* ColorHammer.app */;
			productType = "com.apple.product-type.application";
		};
/* End PBXNativeTarget section */

/* Begin PBXProject section */
		3845ECC524FA43CD00CD831C /* Project object */ = {
			isa = PBXProject;
			attributes = {
				LastSwiftUpdateCheck = 1200;
				LastUpgradeCheck = 1200;
				TargetAttributes = {
					3845ECCC24FA43CD00CD831C = {
						CreatedOnToolsVersion = 12.0;
					};
				};
			};
			buildConfigurationList = 3845ECC824FA43CD00CD831C /* Build configuration list for PBXProject "ColorHammer" */;
			compatibilityVersion = "Xcode 9.3";
			developmentRegion = en;
			hasScannedForEncodings = 0;
			knownRegions = (
				en,
				Base,
			);
			mainGroup = 3845ECC424FA43CD00CD831C;
			productRefGroup = 3845ECCE24FA43CD00CD831C /* Products */;
			projectDirPath = "";
			projectRoot = "";
			targets = (
				3845ECCC24FA43CD00CD831C /* ColorHammer */,
			);
		};
/* End PBXProject section */

/* Begin PBXResourcesBuildPhase section */
		3845ECCB24FA43CD00CD831C /* Resources */ = {
			isa = PBXResourcesBuildPhase;
			buildActionMask = 2147483647;
			files = (
				3845ECDF24FA43CE00CD831C /* LaunchScreen.storyboard in Resources */,
				3845ECDC24FA43CE00CD831C /* Assets.xcassets in Resources */,
				3845ECD824FA43CD00CD831C /* Main.storyboard in Resources */,
			);
			runOnlyForDeploymentPostprocessing = 0;
		};
/* End PBXResourcesBuildPhase section */

/* Begin PBXSourcesBuildPhase section */
		3845ECC924FA43CD00CD831C /* Sources */ = {
			isa = PBXSourcesBuildPhase;
			buildActionMask = 2147483647;
			files = (
				3845ECD524FA43CD00CD831C /* ViewController.swift in Sources */,
				3845ECD124FA43CD00CD831C /* AppDelegate.swift in Sources */,
				3845ECDA24FA43CD00CD831C /* ContentView.swift in Sources */,
				3845ECD324FA43CD00CD831C /* SceneDelegate.swift in Sources */,
			);
			runOnlyForDeploymentPostprocessing = 0;
		};
/* End PBXSourcesBuildPhase section */

/* Begin PBXVariantGroup section */
		3845ECD624FA43CD00CD831C /* Main.storyboard */ = {
			isa = PBXVariantGroup;
			children = (
				3845ECD724FA43CD00CD831C /* Base */,
			);
			name = Main.storyboard;
			sourceTree = "<group>";
		};
		3845ECDD24FA43CE00CD831C /* LaunchScreen.storyboard */ = {
			isa = PBXVariantGroup;
			children = (
				3845ECDE24FA43CE00CD831C /* Base */,
			);
			name = LaunchScreen.storyboard;
			sourceTree = "<group>";
		};
/* End PBXVariantGroup section */

/* Begin XCBuildConfiguration section */
		3845ECE124FA43CE00CD831C /* Debug */ = {
			isa = XCBuildConfiguration;
			buildSettings = {
				ALWAYS_SEARCH_USER_PATHS = NO;
				CLANG_ANALYZER_NONNULL = YES;
				CLANG_ANALYZER_NUMBER_OBJECT_CONVERSION = YES_AGGRESSIVE;
				CLANG_CXX_LANGUAGE_STANDARD = "gnu++14";
				CLANG_CXX_LIBRARY = "libc++";
				CLANG_ENABLE_MODULES = YES;
				CLANG_ENABLE_OBJC_ARC = YES;
				CLANG_ENABLE_OBJC_WEAK = YES;
				CLANG_WARN_BLOCK_CAPTURE_AUTORELEASING = YES;
				CLANG_WARN_BOOL_CONVERSION = YES;
				CLANG_WARN_COMMA = YES;
				CLANG_WARN_CONSTANT_CONVERSION = YES;
				CLANG_WARN_DEPRECATED_OBJC_IMPLEMENTATIONS = YES;
				CLANG_WARN_DIRECT_OBJC_ISA_USAGE = YES_ERROR;
				CLANG_WARN_DOCUMENTATION_COMMENTS = YES;
				CLANG_WARN_EMPTY_BODY = YES;
				CLANG_WARN_ENUM_CONVERSION = YES;
				CLANG_WARN_INFINITE_RECURSION = YES;
				CLANG_WARN_INT_CONVERSION = YES;
				CLANG_WARN_NON_LITERAL_NULL_CONVERSION = YES;
				CLANG_WARN_OBJC_IMPLICIT_RETAIN_SELF = YES;
				CLANG_WARN_OBJC_LITERAL_CONVERSION = YES;
				CLANG_WARN_OBJC_ROOT_CLASS = YES_ERROR;
				CLANG_WARN_QUOTED_INCLUDE_IN_FRAMEWORK_HEADER = YES;
				CLANG_WARN_RANGE_LOOP_ANALYSIS = YES;
				CLANG_WARN_STRICT_PROTOTYPES = YES;
				CLANG_WARN_SUSPICIOUS_MOVE = YES;
				CLANG_WARN_UNGUARDED_AVAILABILITY = YES_AGGRESSIVE;
				CLANG_WARN_UNREACHABLE_CODE = YES;
				CLANG_WARN__DUPLICATE_METHOD_MATCH = YES;
				COPY_PHASE_STRIP = NO;
				DEBUG_INFORMATION_FORMAT = dwarf;
				ENABLE_STRICT_OBJC_MSGSEND = YES;
				ENABLE_TESTABILITY = YES;
				GCC_C_LANGUAGE_STANDARD = gnu11;
				GCC_DYNAMIC_NO_PIC = NO;
				GCC_NO_COMMON_BLOCKS = YES;
				GCC_OPTIMIZATION_LEVEL = 0;
				GCC_PREPROCESSOR_DEFINITIONS = (
					"DEBUG=1",
					"$(inherited)",
				);
				GCC_WARN_64_TO_32_BIT_CONVERSION = YES;
				GCC_WARN_ABOUT_RETURN_TYPE = YES_ERROR;
				GCC_WARN_UNDECLARED_SELECTOR = YES;
				GCC_WARN_UNINITIALIZED_AUTOS = YES_AGGRESSIVE;
				GCC_WARN_UNUSED_FUNCTION = YES;
				GCC_WARN_UNUSED_VARIABLE = YES;
				IPHONEOS_DEPLOYMENT_TARGET = 14.0;
				MTL_ENABLE_DEBUG_INFO = INCLUDE_SOURCE;
				MTL_FAST_MATH = YES;
				ONLY_ACTIVE_ARCH = YES;
				SDKROOT = iphoneos;
				SWIFT_ACTIVE_COMPILATION_CONDITIONS = DEBUG;
				SWIFT_OPTIMIZATION_LEVEL = "-Onone";
			};
			name = Debug;
		};
		3845ECE224FA43CE00CD831C /* Release */ = {
			isa = XCBuildConfiguration;
			buildSettings = {
				ALWAYS_SEARCH_USER_PATHS = NO;
				CLANG_ANALYZER_NONNULL = YES;
				CLANG_ANALYZER_NUMBER_OBJECT_CONVERSION = YES_AGGRESSIVE;
				CLANG_CXX_LANGUAGE_STANDARD = "gnu++14";
				CLANG_CXX_LIBRARY = "libc++";
				CLANG_ENABLE_MODULES = YES;
				CLANG_ENABLE_OBJC_ARC = YES;
				CLANG_ENABLE_OBJC_WEAK = YES;
				CLANG_WARN_BLOCK_CAPTURE_AUTORELEASING = YES;
				CLANG_WARN_BOOL_CONVERSION = YES;
				CLANG_WARN_COMMA = YES;
				CLANG_WARN_CONSTANT_CONVERSION = YES;
				CLANG_WARN_DEPRECATED_OBJC_IMPLEMENTATIONS = YES;
				CLANG_WARN_DIRECT_OBJC_ISA_USAGE = YES_ERROR;
				CLANG_WARN_DOCUMENTATION_COMMENTS = YES;
				CLANG_WARN_EMPTY_BODY = YES;
				CLANG_WARN_ENUM_CONVERSION = YES;
				CLANG_WARN_INFINITE_RECURSION = YES;
				CLANG_WARN_INT_CONVERSION = YES;
				CLANG_WARN_NON_LITERAL_NULL_CONVERSION = YES;
				CLANG_WARN_OBJC_IMPLICIT_RETAIN_SELF = YES;
				CLANG_WARN_OBJC_LITERAL_CONVERSION = YES;
				CLANG_WARN_OBJC_ROOT_CLASS = YES_ERROR;
				CLANG_WARN_QUOTED_INCLUDE_IN_FRAMEWORK_HEADER = YES;
				CLANG_WARN_RANGE_LOOP_ANALYSIS = YES;
				CLANG_WARN_STRICT_PROTOTYPES = YES;
				CLANG_WARN_SUSPICIOUS_MOVE = YES;
				CLANG_WARN_UNGUARDED_AVAILABILITY = YES_AGGRESSIVE;
				CLANG_WARN_UNREACHABLE_CODE = YES;
				CLANG_WARN__DUPLICATE_METHOD_MATCH = YES;
				COPY_PHASE_STRIP = NO;
				DEBUG_INFORMATION_FORMAT = "dwarf-with-dsym";
				ENABLE_NS_ASSERTIONS = NO;
				ENABLE_STRICT_OBJC_MSGSEND = YES;
				GCC_C_LANGUAGE_STANDARD = gnu11;
				GCC_NO_COMMON_BLOCKS = YES;
				GCC_WARN_64_TO_32_BIT_CONVERSION = YES;
				GCC_WARN_ABOUT_RETURN_TYPE = YES_ERROR;
				GCC_WARN_UNDECLARED_SELECTOR = YES;
				GCC_WARN_UNINITIALIZED_AUTOS = YES_AGGRESSIVE;
				GCC_WARN_UNUSED_FUNCTION = YES;
				GCC_WARN_UNUSED_VARIABLE = YES;
				IPHONEOS_DEPLOYMENT_TARGET = 14.0;
				MTL_ENABLE_DEBUG_INFO = NO;
				MTL_FAST_MATH = YES;
				SDKROOT = iphoneos;
				SWIFT_COMPILATION_MODE = wholemodule;
				SWIFT_OPTIMIZATION_LEVEL = "-O";
				VALIDATE_PRODUCT = YES;
			};
			name = Release;
		};
		3845ECE424FA43CE00CD831C /* Debug */ = {
			isa = XCBuildConfiguration;
			buildSettings = {
				ASSETCATALOG_COMPILER_APPICON_NAME = AppIcon;
				ASSETCATALOG_COMPILER_GLOBAL_ACCENT_COLOR_NAME = AccentColor;
				CODE_SIGN_STYLE = Automatic;
				DEVELOPMENT_TEAM = CV8295SJK9;
				INFOPLIST_FILE = ColorHammer/Info.plist;
				LD_RUNPATH_SEARCH_PATHS = (
					"$(inherited)",
					"@executable_path/Frameworks",
				);
				PRODUCT_BUNDLE_IDENTIFIER = com.lzjlxebr.ColorHammer;
				PRODUCT_NAME = "$(TARGET_NAME)";
				SWIFT_VERSION = 5.0;
				TARGETED_DEVICE_FAMILY = "1,2";
			};
			name = Debug;
		};
		3845ECE524FA43CE00CD831C /* Release */ = {
			isa = XCBuildConfiguration;
			buildSettings = {
				ASSETCATALOG_COMPILER_APPICON_NAME = AppIcon;
				ASSETCATALOG_COMPILER_GLOBAL_ACCENT_COLOR_NAME = AccentColor;
				CODE_SIGN_STYLE = Automatic;
				DEVELOPMENT_TEAM = CV8295SJK9;
				INFOPLIST_FILE = ColorHammer/Info.plist;
				LD_RUNPATH_SEARCH_PATHS = (
					"$(inherited)",
					"@executable_path/Frameworks",
				);
				PRODUCT_BUNDLE_IDENTIFIER = com.lzjlxebr.ColorHammer;
				PRODUCT_NAME = "$(TARGET_NAME)";
				SWIFT_VERSION = 5.0;
				TARGETED_DEVICE_FAMILY = "1,2";
			};
			name = Release;
		};
/* End XCBuildConfiguration section */

/* Begin XCConfigurationList section */
		3845ECC824FA43CD00CD831C /* Build configuration list for PBXProject "ColorHammer" */ = {
			isa = XCConfigurationList;
			buildConfigurations = (
				3845ECE124FA43CE00CD831C /* Debug */,
				3845ECE224FA43CE00CD831C /* Release */,
			);
			defaultConfigurationIsVisible = 0;
			defaultConfigurationName = Release;
		};
		3845ECE324FA43CE00CD831C /* Build configuration list for PBXNativeTarget "ColorHammer" */ = {
			isa = XCConfigurationList;
			buildConfigurations = (
				3845ECE424FA43CE00CD831C /* Debug */,
				3845ECE524FA43CE00CD831C /* Release */,
			);
			defaultConfigurationIsVisible = 0;
			defaultConfigurationName = Release;
		};
/* End XCConfigurationList section */
	};
	rootObject = 3845ECC524FA43CD00CD831C /* Project object */;
}
